// !$*UTF8*$!
{
	archiveVersion = 1;
	classes = {
	};
	objectVersion = 46;
	objects = {

/* Begin PBXBuildFile section */
		E948BB8B1C46E7BB0013211A /* AppDelegate.swift in Sources */ = {isa = PBXBuildFile; fileRef = E948BB8A1C46E7BB0013211A /* AppDelegate.swift */; };
		E948BB8D1C46E7BB0013211A /* ViewController.swift in Sources */ = {isa = PBXBuildFile; fileRef = E948BB8C1C46E7BB0013211A /* ViewController.swift */; };
		E948BB901C46E7BB0013211A /* Main.storyboard in Resources */ = {isa = PBXBuildFile; fileRef = E948BB8E1C46E7BB0013211A /* Main.storyboard */; };
		E948BB921C46E7BB0013211A /* Assets.xcassets in Resources */ = {isa = PBXBuildFile; fileRef = E948BB911C46E7BB0013211A /* Assets.xcassets */; };
		E948BB951C46E7BB0013211A /* LaunchScreen.storyboard in Resources */ = {isa = PBXBuildFile; fileRef = E948BB931C46E7BB0013211A /* LaunchScreen.storyboard */; };
		E948BB9D1C46EC8E0013211A /* pokemon.csv in Resources */ = {isa = PBXBuildFile; fileRef = E948BB9C1C46EC8E0013211A /* pokemon.csv */; };
		E948BBA01C46EF180013211A /* Pokemon.swift in Sources */ = {isa = PBXBuildFile; fileRef = E948BB9F1C46EF180013211A /* Pokemon.swift */; };
		E948BBA31C47717F0013211A /* PokeCell.swift in Sources */ = {isa = PBXBuildFile; fileRef = E948BBA21C47717F0013211A /* PokeCell.swift */; };
		E948BBA51C480F130013211A /* csv.swift in Sources */ = {isa = PBXBuildFile; fileRef = E948BBA41C480F130013211A /* csv.swift */; };
		E948BBAA1C48C8610013211A /* Pokemon.ttf in Resources */ = {isa = PBXBuildFile; fileRef = E948BBA91C48C8610013211A /* Pokemon.ttf */; };
		E948BBAC1C49149F0013211A /* music.mp3 in Resources */ = {isa = PBXBuildFile; fileRef = E948BBAB1C49149F0013211A /* music.mp3 */; };
		E97271F31C4FFC0300C7CB76 /* Constants.swift in Sources */ = {isa = PBXBuildFile; fileRef = E97271F21C4FFC0300C7CB76 /* Constants.swift */; };
		E9BF52999048B968697C57DB /* Pods_pokedex_Team2011.framework in Frameworks */ = {isa = PBXBuildFile; fileRef = 1E7B4CB93499E61EB3AA9C4D /* Pods_pokedex_Team2011.framework */; settings = {ATTRIBUTES = (Weak, ); }; };
		E9DEF2F31C4B72B500F3DB5A /* PokemonDetailVC.swift in Sources */ = {isa = PBXBuildFile; fileRef = E9DEF2F21C4B72B500F3DB5A /* PokemonDetailVC.swift */; };
/* End PBXBuildFile section */

/* Begin PBXFileReference section */
		1E7B4CB93499E61EB3AA9C4D /* Pods_pokedex_Team2011.framework */ = {isa = PBXFileReference; explicitFileType = wrapper.framework; includeInIndex = 0; path = Pods_pokedex_Team2011.framework; sourceTree = BUILT_PRODUCTS_DIR; };
		455886F0A568ED46344CFB80 /* Pods-pokedex-Team2011.release.xcconfig */ = {isa = PBXFileReference; includeInIndex = 1; lastKnownFileType = text.xcconfig; name = "Pods-pokedex-Team2011.release.xcconfig"; path = "Pods/Target Support Files/Pods-pokedex-Team2011/Pods-pokedex-Team2011.release.xcconfig"; sourceTree = "<group>"; };
		50EF9062DAFC4B511326965F /* Pods-pokedex-Team2011.debug.xcconfig */ = {isa = PBXFileReference; includeInIndex = 1; lastKnownFileType = text.xcconfig; name = "Pods-pokedex-Team2011.debug.xcconfig"; path = "Pods/Target Support Files/Pods-pokedex-Team2011/Pods-pokedex-Team2011.debug.xcconfig"; sourceTree = "<group>"; };
		E948BB871C46E7BB0013211A /* pokedex-Team2011.app */ = {isa = PBXFileReference; explicitFileType = wrapper.application; includeInIndex = 0; path = "pokedex-Team2011.app"; sourceTree = BUILT_PRODUCTS_DIR; };
		E948BB8A1C46E7BB0013211A /* AppDelegate.swift */ = {isa = PBXFileReference; lastKnownFileType = sourcecode.swift; path = AppDelegate.swift; sourceTree = "<group>"; };
		E948BB8C1C46E7BB0013211A /* ViewController.swift */ = {isa = PBXFileReference; lastKnownFileType = sourcecode.swift; path = ViewController.swift; sourceTree = "<group>"; };
		E948BB8F1C46E7BB0013211A /* Base */ = {isa = PBXFileReference; lastKnownFileType = file.storyboard; name = Base; path = Base.lproj/Main.storyboard; sourceTree = "<group>"; };
		E948BB911C46E7BB0013211A /* Assets.xcassets */ = {isa = PBXFileReference; lastKnownFileType = folder.assetcatalog; path = Assets.xcassets; sourceTree = "<group>"; };
		E948BB941C46E7BB0013211A /* Base */ = {isa = PBXFileReference; lastKnownFileType = file.storyboard; name = Base; path = Base.lproj/LaunchScreen.storyboard; sourceTree = "<group>"; };
		E948BB961C46E7BB0013211A /* Info.plist */ = {isa = PBXFileReference; lastKnownFileType = text.plist.xml; path = Info.plist; sourceTree = "<group>"; };
		E948BB9C1C46EC8E0013211A /* pokemon.csv */ = {isa = PBXFileReference; fileEncoding = 4; lastKnownFileType = text; path = pokemon.csv; sourceTree = "<group>"; };
		E948BB9F1C46EF180013211A /* Pokemon.swift */ = {isa = PBXFileReference; fileEncoding = 4; lastKnownFileType = sourcecode.swift; path = Pokemon.swift; sourceTree = "<group>"; };
		E948BBA21C47717F0013211A /* PokeCell.swift */ = {isa = PBXFileReference; fileEncoding = 4; lastKnownFileType = sourcecode.swift; path = PokeCell.swift; sourceTree = "<group>"; };
		E948BBA41C480F130013211A /* csv.swift */ = {isa = PBXFileReference; fileEncoding = 4; lastKnownFileType = sourcecode.swift; path = csv.swift; sourceTree = "<group>"; };
		E948BBA91C48C8610013211A /* Pokemon.ttf */ = {isa = PBXFileReference; lastKnownFileType = file; path = Pokemon.ttf; sourceTree = "<group>"; };
		E948BBAB1C49149F0013211A /* music.mp3 */ = {isa = PBXFileReference; lastKnownFileType = audio.mp3; path = music.mp3; sourceTree = "<group>"; };
		E97271F21C4FFC0300C7CB76 /* Constants.swift */ = {isa = PBXFileReference; fileEncoding = 4; lastKnownFileType = sourcecode.swift; path = Constants.swift; sourceTree = "<group>"; };
		E9DEF2F21C4B72B500F3DB5A /* PokemonDetailVC.swift */ = {isa = PBXFileReference; fileEncoding = 4; lastKnownFileType = sourcecode.swift; path = PokemonDetailVC.swift; sourceTree = "<group>"; };
/* End PBXFileReference section */

/* Begin PBXFrameworksBuildPhase section */
		E948BB841C46E7BB0013211A /* Frameworks */ = {
			isa = PBXFrameworksBuildPhase;
			buildActionMask = 2147483647;
			files = (
				E9BF52999048B968697C57DB /* Pods_pokedex_Team2011.framework in Frameworks */,
			);
			runOnlyForDeploymentPostprocessing = 0;
		};
/* End PBXFrameworksBuildPhase section */

/* Begin PBXGroup section */
		2E9565B51B0361EE0BBC8B5A /* Frameworks */ = {
			isa = PBXGroup;
			children = (
				1E7B4CB93499E61EB3AA9C4D /* Pods_pokedex_Team2011.framework */,
			);
			name = Frameworks;
			sourceTree = "<group>";
		};
		DC4E2D63B56EA39C463386BA /* Pods */ = {
			isa = PBXGroup;
			children = (
				50EF9062DAFC4B511326965F /* Pods-pokedex-Team2011.debug.xcconfig */,
				455886F0A568ED46344CFB80 /* Pods-pokedex-Team2011.release.xcconfig */,
			);
			name = Pods;
			sourceTree = "<group>";
		};
		E948BB7E1C46E7BB0013211A = {
			isa = PBXGroup;
			children = (
				E948BB891C46E7BB0013211A /* pokedex-Team2011 */,
				E948BB881C46E7BB0013211A /* Products */,
				DC4E2D63B56EA39C463386BA /* Pods */,
				2E9565B51B0361EE0BBC8B5A /* Frameworks */,
			);
			sourceTree = "<group>";
		};
		E948BB881C46E7BB0013211A /* Products */ = {
			isa = PBXGroup;
			children = (
				E948BB871C46E7BB0013211A /* pokedex-Team2011.app */,
			);
			name = Products;
			sourceTree = "<group>";
		};
		E948BB891C46E7BB0013211A /* pokedex-Team2011 */ = {
			isa = PBXGroup;
			children = (
				E948BB9E1C46EF020013211A /* Model */,
				E948BBA11C47715D0013211A /* View */,
				E948BBA71C480FE70013211A /* Controller */,
				E948BBA61C480F940013211A /* Util */,
				E948BBA81C480FF00013211A /* Resources */,
				E948BB8A1C46E7BB0013211A /* AppDelegate.swift */,
				E948BB8E1C46E7BB0013211A /* Main.storyboard */,
				E948BB911C46E7BB0013211A /* Assets.xcassets */,
				E948BB931C46E7BB0013211A /* LaunchScreen.storyboard */,
				E948BB961C46E7BB0013211A /* Info.plist */,
			);
			path = "pokedex-Team2011";
			sourceTree = "<group>";
		};
		E948BB9E1C46EF020013211A /* Model */ = {
			isa = PBXGroup;
			children = (
				E948BB9F1C46EF180013211A /* Pokemon.swift */,
			);
			name = Model;
			sourceTree = "<group>";
		};
		E948BBA11C47715D0013211A /* View */ = {
			isa = PBXGroup;
			children = (
				E948BBA21C47717F0013211A /* PokeCell.swift */,
			);
			name = View;
			sourceTree = "<group>";
		};
		E948BBA61C480F940013211A /* Util */ = {
			isa = PBXGroup;
			children = (
				E948BBA41C480F130013211A /* csv.swift */,
				E97271F21C4FFC0300C7CB76 /* Constants.swift */,
			);
			name = Util;
			sourceTree = "<group>";
		};
		E948BBA71C480FE70013211A /* Controller */ = {
			isa = PBXGroup;
			children = (
				E948BB8C1C46E7BB0013211A /* ViewController.swift */,
				E9DEF2F21C4B72B500F3DB5A /* PokemonDetailVC.swift */,
			);
			name = Controller;
			sourceTree = "<group>";
		};
		E948BBA81C480FF00013211A /* Resources */ = {
			isa = PBXGroup;
			children = (
				E948BBAB1C49149F0013211A /* music.mp3 */,
				E948BBA91C48C8610013211A /* Pokemon.ttf */,
				E948BB9C1C46EC8E0013211A /* pokemon.csv */,
			);
			name = Resources;
			sourceTree = "<group>";
		};
/* End PBXGroup section */

/* Begin PBXNativeTarget section */
		E948BB861C46E7BB0013211A /* pokedex-Team2011 */ = {
			isa = PBXNativeTarget;
			buildConfigurationList = E948BB991C46E7BB0013211A /* Build configuration list for PBXNativeTarget "pokedex-Team2011" */;
			buildPhases = (
				B172C8EB2326DF9207353958 /* Check Pods Manifest.lock */,
				E948BB831C46E7BB0013211A /* Sources */,
				E948BB841C46E7BB0013211A /* Frameworks */,
				E948BB851C46E7BB0013211A /* Resources */,
				ED6C5A40C42C0C5DF1FF4D87 /* Embed Pods Frameworks */,
				75A4E36D2F77AD5FD1A44395 /* Copy Pods Resources */,
			);
			buildRules = (
			);
			dependencies = (
			);
			name = "pokedex-Team2011";
			productName = "pokedex-Team2011";
			productReference = E948BB871C46E7BB0013211A /* pokedex-Team2011.app */;
			productType = "com.apple.product-type.application";
		};
/* End PBXNativeTarget section */

/* Begin PBXProject section */
		E948BB7F1C46E7BB0013211A /* Project object */ = {
			isa = PBXProject;
			attributes = {
				LastSwiftUpdateCheck = 0720;
				LastUpgradeCheck = 0720;
				ORGANIZATIONNAME = Team2011.com;
				TargetAttributes = {
					E948BB861C46E7BB0013211A = {
						CreatedOnToolsVersion = 7.2;
					};
				};
			};
			buildConfigurationList = E948BB821C46E7BB0013211A /* Build configuration list for PBXProject "pokedex-Team2011" */;
			compatibilityVersion = "Xcode 3.2";
			developmentRegion = English;
			hasScannedForEncodings = 0;
			knownRegions = (
				en,
				Base,
			);
			mainGroup = E948BB7E1C46E7BB0013211A;
			productRefGroup = E948BB881C46E7BB0013211A /* Products */;
			projectDirPath = "";
			projectRoot = "";
			targets = (
				E948BB861C46E7BB0013211A /* pokedex-Team2011 */,
			);
		};
/* End PBXProject section */

/* Begin PBXResourcesBuildPhase section */
		E948BB851C46E7BB0013211A /* Resources */ = {
			isa = PBXResourcesBuildPhase;
			buildActionMask = 2147483647;
			files = (
				E948BB951C46E7BB0013211A /* LaunchScreen.storyboard in Resources */,
				E948BBAA1C48C8610013211A /* Pokemon.ttf in Resources */,
				E948BBAC1C49149F0013211A /* music.mp3 in Resources */,
				E948BB921C46E7BB0013211A /* Assets.xcassets in Resources */,
				E948BB9D1C46EC8E0013211A /* pokemon.csv in Resources */,
				E948BB901C46E7BB0013211A /* Main.storyboard in Resources */,
			);
			runOnlyForDeploymentPostprocessing = 0;
		};
/* End PBXResourcesBuildPhase section */

/* Begin PBXShellScriptBuildPhase section */
		75A4E36D2F77AD5FD1A44395 /* Copy Pods Resources */ = {
			isa = PBXShellScriptBuildPhase;
			buildActionMask = 2147483647;
			files = (
			);
			inputPaths = (
			);
			name = "Copy Pods Resources";
			outputPaths = (
			);
			runOnlyForDeploymentPostprocessing = 0;
			shellPath = /bin/sh;
			shellScript = "\"${SRCROOT}/Pods/Target Support Files/Pods-pokedex-Team2011/Pods-pokedex-Team2011-resources.sh\"\n";
			showEnvVarsInLog = 0;
		};
		B172C8EB2326DF9207353958 /* Check Pods Manifest.lock */ = {
			isa = PBXShellScriptBuildPhase;
			buildActionMask = 2147483647;
			files = (
			);
			inputPaths = (
			);
			name = "Check Pods Manifest.lock";
			outputPaths = (
			);
			runOnlyForDeploymentPostprocessing = 0;
			shellPath = /bin/sh;
			shellScript = "diff \"${PODS_ROOT}/../Podfile.lock\" \"${PODS_ROOT}/Manifest.lock\" > /dev/null\nif [[ $? != 0 ]] ; then\n    cat << EOM\nerror: The sandbox is not in sync with the Podfile.lock. Run 'pod install' or update your CocoaPods installation.\nEOM\n    exit 1\nfi\n";
			showEnvVarsInLog = 0;
		};
		ED6C5A40C42C0C5DF1FF4D87 /* Embed Pods Frameworks */ = {
			isa = PBXShellScriptBuildPhase;
			buildActionMask = 2147483647;
			files = (
			);
			inputPaths = (
			);
			name = "Embed Pods Frameworks";
			outputPaths = (
			);
			runOnlyForDeploymentPostprocessing = 0;
			shellPath = /bin/sh;
			shellScript = "\"${SRCROOT}/Pods/Target Support Files/Pods-pokedex-Team2011/Pods-pokedex-Team2011-frameworks.sh\"\n";
			showEnvVarsInLog = 0;
		};
/* End PBXShellScriptBuildPhase section */

/* Begin PBXSourcesBuildPhase section */
		E948BB831C46E7BB0013211A /* Sources */ = {
			isa = PBXSourcesBuildPhase;
			buildActionMask = 2147483647;
			files = (
				E948BBA31C47717F0013211A /* PokeCell.swift in Sources */,
				E948BB8D1C46E7BB0013211A /* ViewController.swift in Sources */,
				E948BB8B1C46E7BB0013211A /* AppDelegate.swift in Sources */,
				E9DEF2F31C4B72B500F3DB5A /* PokemonDetailVC.swift in Sources */,
				E97271F31C4FFC0300C7CB76 /* Constants.swift in Sources */,
				E948BBA01C46EF180013211A /* Pokemon.swift in Sources */,
				E948BBA51C480F130013211A /* csv.swift in Sources */,
			);
			runOnlyForDeploymentPostprocessing = 0;
		};
/* End PBXSourcesBuildPhase section */

/* Begin PBXVariantGroup section */
		E948BB8E1C46E7BB0013211A /* Main.storyboard */ = {
			isa = PBXVariantGroup;
			children = (
				E948BB8F1C46E7BB0013211A /* Base */,
			);
			name = Main.storyboard;
			sourceTree = "<group>";
		};
		E948BB931C46E7BB0013211A /* LaunchScreen.storyboard */ = {
			isa = PBXVariantGroup;
			children = (
				E948BB941C46E7BB0013211A /* Base */,
			);
			name = LaunchScreen.storyboard;
			sourceTree = "<group>";
		};
/* End PBXVariantGroup section */

/* Begin XCBuildConfiguration section */
		E948BB971C46E7BB0013211A /* Debug */ = {
			isa = XCBuildConfiguration;
			buildSettings = {
				ALWAYS_SEARCH_USER_PATHS = NO;
				CLANG_CXX_LANGUAGE_STANDARD = "gnu++0x";
				CLANG_CXX_LIBRARY = "libc++";
				CLANG_ENABLE_MODULES = YES;
				CLANG_ENABLE_OBJC_ARC = YES;
				CLANG_WARN_BOOL_CONVERSION = YES;
				CLANG_WARN_CONSTANT_CONVERSION = YES;
				CLANG_WARN_DIRECT_OBJC_ISA_USAGE = YES_ERROR;
				CLANG_WARN_EMPTY_BODY = YES;
				CLANG_WARN_ENUM_CONVERSION = YES;
				CLANG_WARN_INT_CONVERSION = YES;
				CLANG_WARN_OBJC_ROOT_CLASS = YES_ERROR;
				CLANG_WARN_UNREACHABLE_CODE = YES;
				CLANG_WARN__DUPLICATE_METHOD_MATCH = YES;
				"CODE_SIGN_IDENTITY[sdk=iphoneos*]" = "iPhone Developer";
				COPY_PHASE_STRIP = NO;
				DEBUG_INFORMATION_FORMAT = dwarf;
				ENABLE_STRICT_OBJC_MSGSEND = YES;
				ENABLE_TESTABILITY = YES;
				GCC_C_LANGUAGE_STANDARD = gnu99;
				GCC_DYNAMIC_NO_PIC = NO;
				GCC_NO_COMMON_BLOCKS = YES;
				GCC_OPTIMIZATION_LEVEL = 0;
				GCC_PREPROCESSOR_DEFINITIONS = (
					"DEBUG=1",
					"$(inherited)",
				);
				GCC_WARN_64_TO_32_BIT_CONVERSION = YES;
				GCC_WARN_ABOUT_RETURN_TYPE = YES_ERROR;
				GCC_WARN_UNDECLARED_SELECTOR = YES;
				GCC_WARN_UNINITIALIZED_AUTOS = YES_AGGRESSIVE;
				GCC_WARN_UNUSED_FUNCTION = YES;
				GCC_WARN_UNUSED_VARIABLE = YES;
				IPHONEOS_DEPLOYMENT_TARGET = 9.2;
				MTL_ENABLE_DEBUG_INFO = YES;
				ONLY_ACTIVE_ARCH = YES;
				SDKROOT = iphoneos;
				SWIFT_OPTIMIZATION_LEVEL = "-Onone";
				TARGETED_DEVICE_FAMILY = "1,2";
			};
			name = Debug;
		};
		E948BB981C46E7BB0013211A /* Release */ = {
			isa = XCBuildConfiguration;
			buildSettings = {
				ALWAYS_SEARCH_USER_PATHS = NO;
				CLANG_CXX_LANGUAGE_STANDARD = "gnu++0x";
				CLANG_CXX_LIBRARY = "libc++";
				CLANG_ENABLE_MODULES = YES;
				CLANG_ENABLE_OBJC_ARC = YES;
				CLANG_WARN_BOOL_CONVERSION = YES;
				CLANG_WARN_CONSTANT_CONVERSION = YES;
				CLANG_WARN_DIRECT_OBJC_ISA_USAGE = YES_ERROR;
				CLANG_WARN_EMPTY_BODY = YES;
				CLANG_WARN_ENUM_CONVERSION = YES;
				CLANG_WARN_INT_CONVERSION = YES;
				CLANG_WARN_OBJC_ROOT_CLASS = YES_ERROR;
				CLANG_WARN_UNREACHABLE_CODE = YES;
				CLANG_WARN__DUPLICATE_METHOD_MATCH = YES;
				"CODE_SIGN_IDENTITY[sdk=iphoneos*]" = "iPhone Developer";
				COPY_PHASE_STRIP = NO;
				DEBUG_INFORMATION_FORMAT = "dwarf-with-dsym";
				ENABLE_NS_ASSERTIONS = NO;
				ENABLE_STRICT_OBJC_MSGSEND = YES;
				GCC_C_LANGUAGE_STANDARD = gnu99;
				GCC_NO_COMMON_BLOCKS = YES;
				GCC_WARN_64_TO_32_BIT_CONVERSION = YES;
				GCC_WARN_ABOUT_RETURN_TYPE = YES_ERROR;
				GCC_WARN_UNDECLARED_SELECTOR = YES;
				GCC_WARN_UNINITIALIZED_AUTOS = YES_AGGRESSIVE;
				GCC_WARN_UNUSED_FUNCTION = YES;
				GCC_WARN_UNUSED_VARIABLE = YES;
				IPHONEOS_DEPLOYMENT_TARGET = 9.2;
				MTL_ENABLE_DEBUG_INFO = NO;
				SDKROOT = iphoneos;
				TARGETED_DEVICE_FAMILY = "1,2";
				VALIDATE_PRODUCT = YES;
			};
			name = Release;
		};
		E948BB9A1C46E7BB0013211A /* Debug */ = {
			isa = XCBuildConfiguration;
			baseConfigurationReference = 50EF9062DAFC4B511326965F /* Pods-pokedex-Team2011.debug.xcconfig */;
			buildSettings = {
				ASSETCATALOG_COMPILER_APPICON_NAME = AppIcon;
				INFOPLIST_FILE = "pokedex-Team2011/Info.plist";
				LD_RUNPATH_SEARCH_PATHS = "$(inherited) @executable_path/Frameworks";
				PRODUCT_BUNDLE_IDENTIFIER = "com.team2011.pokedex-Team2011";
				PRODUCT_NAME = "$(TARGET_NAME)";
			};
			name = Debug;
		};
		E948BB9B1C46E7BB0013211A /* Release */ = {
			isa = XCBuildConfiguration;
			baseConfigurationReference = 455886F0A568ED46344CFB80 /* Pods-pokedex-Team2011.release.xcconfig */;
			buildSettings = {
				ASSETCATALOG_COMPILER_APPICON_NAME = AppIcon;
				INFOPLIST_FILE = "pokedex-Team2011/Info.plist";
				LD_RUNPATH_SEARCH_PATHS = "$(inherited) @executable_path/Frameworks";
				PRODUCT_BUNDLE_IDENTIFIER = "com.team2011.pokedex-Team2011";
				PRODUCT_NAME = "$(TARGET_NAME)";
			};
			name = Release;
		};
/* End XCBuildConfiguration section */

/* Begin XCConfigurationList section */
		E948BB821C46E7BB0013211A /* Build configuration list for PBXProject "pokedex-Team2011" */ = {
			isa = XCConfigurationList;
			buildConfigurations = (
				E948BB971C46E7BB0013211A /* Debug */,
				E948BB981C46E7BB0013211A /* Release */,
			);
			defaultConfigurationIsVisible = 0;
			defaultConfigurationName = Release;
		};
		E948BB991C46E7BB0013211A /* Build configuration list for PBXNativeTarget "pokedex-Team2011" */ = {
			isa = XCConfigurationList;
			buildConfigurations = (
				E948BB9A1C46E7BB0013211A /* Debug */,
				E948BB9B1C46E7BB0013211A /* Release */,
			);
			defaultConfigurationIsVisible = 0;
			defaultConfigurationName = Release;
		};
/* End XCConfigurationList section */
	};
	rootObject = E948BB7F1C46E7BB0013211A /* Project object */;
}
